
Microsoft Visual Studio Solution File, Format Version 10.00
# Visual Studio 2008
Project("{F14B399A-7131-4C87-9E4B-1186C45EF12D}") = "NewsReports", "NewsReports\NewsReports.rptproj", "{A65D8EBA-A8DE-4D04-A0F0-4A530A3CA098}"
EndProject
Global
	GlobalSection(SolutionConfigurationPlatforms) = preSolution
		Debug|Default = Debug|Default
		DebugLocal|Default = DebugLocal|Default
		Release|Default = Release|Default
	EndGlobalSection
	GlobalSection(ProjectConfigurationPlatforms) = postSolution
		{A65D8EBA-A8DE-4D04-A0F0-4A530A3CA098}.Debug|Default.ActiveCfg = Debug
		{A65D8EBA-A8DE-4D04-A0F0-4A530A3CA098}.Debug|Default.Build.0 = DebugLocal
		{A65D8EBA-A8DE-4D04-A0F0-4A530A3CA098}.Debug|Default.Deploy.0 = DebugLocal
		{A65D8EBA-A8DE-4D04-A0F0-4A530A3CA098}.DebugLocal|Default.ActiveCfg = DebugLocal
		{A65D8EBA-A8DE-4D04-A0F0-4A530A3CA098}.DebugLocal|Default.Build.0 = DebugLocal
		{A65D8EBA-A8DE-4D04-A0F0-4A530A3CA098}.Release|Default.ActiveCfg = Release
		{A65D8EBA-A8DE-4D04-A0F0-4A530A3CA098}.Release|Default.Build.0 = Release
		{A65D8EBA-A8DE-4D04-A0F0-4A530A3CA098}.Release|Default.Deploy.0 = Release
	EndGlobalSection
	GlobalSection(SolutionProperties) = preSolution
		HideSolutionNode = FALSE
	EndGlobalSection
EndGlobal
